
Microsoft Visual Studio Solution File, Format Version 12.00
# Visual Studio Version 16
VisualStudioVersion = 16.0.809.7
MinimumVisualStudioVersion = 10.0.40219.1
Project("{FAE04EC0-301F-11D3-BF4B-00C04F79EFBC}") = "contentstack-dotnet-starter-app", "contentstack-dotnet-starter-app.csproj", "{F4A9E395-F707-4C3F-BDFB-DD5045BBBF62}"
EndProject
Global
	GlobalSection(SolutionConfigurationPlatforms) = preSolution
		Debug|Any CPU = Debug|Any CPU
		Release|Any CPU = Release|Any CPU
	EndGlobalSection
	GlobalSection(ProjectConfigurationPlatforms) = postSolution
		{F4A9E395-F707-4C3F-BDFB-DD5045BBBF62}.Debug|Any CPU.ActiveCfg = Debug|Any CPU
		{F4A9E395-F707-4C3F-BDFB-DD5045BBBF62}.Debug|Any CPU.Build.0 = Debug|Any CPU
		{F4A9E395-F707-4C3F-BDFB-DD5045BBBF62}.Release|Any CPU.ActiveCfg = Release|Any CPU
		{F4A9E395-F707-4C3F-BDFB-DD5045BBBF62}.Release|Any CPU.Build.0 = Release|Any CPU
	EndGlobalSection
	GlobalSection(SolutionProperties) = preSolution
		HideSolutionNode = FALSE
	EndGlobalSection
	GlobalSection(ExtensibilityGlobals) = postSolution
		SolutionGuid = {E8A7E626-88DB-486E-ADDB-467D6E99EB88}
	EndGlobalSection
EndGlobal
